// !$*UTF8*$!
{
	archiveVersion = 1;
	classes = {
	};
	objectVersion = 50;
	objects = {

/* Begin PBXBuildFile section */
		09D0E40C26A2CF9E00C71C28 /* iExpense_2App.swift in Sources */ = {isa = PBXBuildFile; fileRef = 09D0E40B26A2CF9E00C71C28 /* iExpense_2App.swift */; };
		09D0E40E26A2CF9E00C71C28 /* ContentView.swift in Sources */ = {isa = PBXBuildFile; fileRef = 09D0E40D26A2CF9E00C71C28 /* ContentView.swift */; };
		09D0E41026A2CFA100C71C28 /* Assets.xcassets in Resources */ = {isa = PBXBuildFile; fileRef = 09D0E40F26A2CFA100C71C28 /* Assets.xcassets */; };
		09D0E41326A2CFA100C71C28 /* Preview Assets.xcassets in Resources */ = {isa = PBXBuildFile; fileRef = 09D0E41226A2CFA100C71C28 /* Preview Assets.xcassets */; };
		09D0E41D26A2D24A00C71C28 /* User.swift in Sources */ = {isa = PBXBuildFile; fileRef = 09D0E41C26A2D24900C71C28 /* User.swift */; };
		09D0E42126A2D28E00C71C28 /* UserView.swift in Sources */ = {isa = PBXBuildFile; fileRef = 09D0E42026A2D28E00C71C28 /* UserView.swift */; };
		09D0E42426A2FCBA00C71C28 /* MainView.swift in Sources */ = {isa = PBXBuildFile; fileRef = 09D0E42326A2FCBA00C71C28 /* MainView.swift */; };
		09D0E42726A2FCC900C71C28 /* SecondView.swift in Sources */ = {isa = PBXBuildFile; fileRef = 09D0E42626A2FCC900C71C28 /* SecondView.swift */; };
		09D0E42B26A3084D00C71C28 /* NumbersView.swift in Sources */ = {isa = PBXBuildFile; fileRef = 09D0E42A26A3084D00C71C28 /* NumbersView.swift */; };
		09D0E42E26A3555700C71C28 /* TapcountView.swift in Sources */ = {isa = PBXBuildFile; fileRef = 09D0E42D26A3555700C71C28 /* TapcountView.swift */; };
		09D0E43226A3595B00C71C28 /* HumanView.swift in Sources */ = {isa = PBXBuildFile; fileRef = 09D0E43126A3595B00C71C28 /* HumanView.swift */; };
		09D0E43526A42FC600C71C28 /* ExpenseItem.swift in Sources */ = {isa = PBXBuildFile; fileRef = 09D0E43426A42FC600C71C28 /* ExpenseItem.swift */; };
		09D0E43826A4301700C71C28 /* Expenses.swift in Sources */ = {isa = PBXBuildFile; fileRef = 09D0E43726A4301700C71C28 /* Expenses.swift */; };
/* End PBXBuildFile section */

/* Begin PBXFileReference section */
		09D0E40826A2CF9E00C71C28 /* iExpense 2.app */ = {isa = PBXFileReference; explicitFileType = wrapper.application; includeInIndex = 0; path = "iExpense 2.app"; sourceTree = BUILT_PRODUCTS_DIR; };
		09D0E40B26A2CF9E00C71C28 /* iExpense_2App.swift */ = {isa = PBXFileReference; lastKnownFileType = sourcecode.swift; path = iExpense_2App.swift; sourceTree = "<group>"; };
		09D0E40D26A2CF9E00C71C28 /* ContentView.swift */ = {isa = PBXFileReference; lastKnownFileType = sourcecode.swift; path = ContentView.swift; sourceTree = "<group>"; };
		09D0E40F26A2CFA100C71C28 /* Assets.xcassets */ = {isa = PBXFileReference; lastKnownFileType = folder.assetcatalog; path = Assets.xcassets; sourceTree = "<group>"; };
		09D0E41226A2CFA100C71C28 /* Preview Assets.xcassets */ = {isa = PBXFileReference; lastKnownFileType = folder.assetcatalog; path = "Preview Assets.xcassets"; sourceTree = "<group>"; };
		09D0E41426A2CFA100C71C28 /* Info.plist */ = {isa = PBXFileReference; lastKnownFileType = text.plist.xml; path = Info.plist; sourceTree = "<group>"; };
		09D0E41C26A2D24900C71C28 /* User.swift */ = {isa = PBXFileReference; lastKnownFileType = sourcecode.swift; path = User.swift; sourceTree = "<group>"; };
		09D0E42026A2D28E00C71C28 /* UserView.swift */ = {isa = PBXFileReference; lastKnownFileType = sourcecode.swift; path = UserView.swift; sourceTree = "<group>"; };
		09D0E42326A2FCBA00C71C28 /* MainView.swift */ = {isa = PBXFileReference; lastKnownFileType = sourcecode.swift; path = MainView.swift; sourceTree = "<group>"; };
		09D0E42626A2FCC900C71C28 /* SecondView.swift */ = {isa = PBXFileReference; lastKnownFileType = sourcecode.swift; path = SecondView.swift; sourceTree = "<group>"; };
		09D0E42A26A3084D00C71C28 /* NumbersView.swift */ = {isa = PBXFileReference; lastKnownFileType = sourcecode.swift; path = NumbersView.swift; sourceTree = "<group>"; };
		09D0E42D26A3555700C71C28 /* TapcountView.swift */ = {isa = PBXFileReference; lastKnownFileType = sourcecode.swift; path = TapcountView.swift; sourceTree = "<group>"; };
		09D0E43126A3595B00C71C28 /* HumanView.swift */ = {isa = PBXFileReference; lastKnownFileType = sourcecode.swift; path = HumanView.swift; sourceTree = "<group>"; };
		09D0E43426A42FC600C71C28 /* ExpenseItem.swift */ = {isa = PBXFileReference; lastKnownFileType = sourcecode.swift; path = ExpenseItem.swift; sourceTree = "<group>"; };
		09D0E43726A4301700C71C28 /* Expenses.swift */ = {isa = PBXFileReference; lastKnownFileType = sourcecode.swift; path = Expenses.swift; sourceTree = "<group>"; };
/* End PBXFileReference section */

/* Begin PBXFrameworksBuildPhase section */
		09D0E40526A2CF9E00C71C28 /* Frameworks */ = {
			isa = PBXFrameworksBuildPhase;
			buildActionMask = 2147483647;
			files = (
			);
			runOnlyForDeploymentPostprocessing = 0;
		};
/* End PBXFrameworksBuildPhase section */

/* Begin PBXGroup section */
		09D0E3FF26A2CF9E00C71C28 = {
			isa = PBXGroup;
			children = (
				09D0E40A26A2CF9E00C71C28 /* iExpense 2 */,
				09D0E40926A2CF9E00C71C28 /* Products */,
			);
			sourceTree = "<group>";
		};
		09D0E40926A2CF9E00C71C28 /* Products */ = {
			isa = PBXGroup;
			children = (
				09D0E40826A2CF9E00C71C28 /* iExpense 2.app */,
			);
			name = Products;
			sourceTree = "<group>";
		};
		09D0E40A26A2CF9E00C71C28 /* iExpense 2 */ = {
			isa = PBXGroup;
			children = (
				09D0E40B26A2CF9E00C71C28 /* iExpense_2App.swift */,
				09D0E41B26A2D08A00C71C28 /* Day 36 */,
				09D0E43426A42FC600C71C28 /* ExpenseItem.swift */,
				09D0E43726A4301700C71C28 /* Expenses.swift */,
				09D0E40D26A2CF9E00C71C28 /* ContentView.swift */,
				09D0E40F26A2CFA100C71C28 /* Assets.xcassets */,
				09D0E41426A2CFA100C71C28 /* Info.plist */,
				09D0E41126A2CFA100C71C28 /* Preview Content */,
			);
			path = "iExpense 2";
			sourceTree = "<group>";
		};
		09D0E41126A2CFA100C71C28 /* Preview Content */ = {
			isa = PBXGroup;
			children = (
				09D0E41226A2CFA100C71C28 /* Preview Assets.xcassets */,
			);
			path = "Preview Content";
			sourceTree = "<group>";
		};
		09D0E41B26A2D08A00C71C28 /* Day 36 */ = {
			isa = PBXGroup;
			children = (
				09D0E41C26A2D24900C71C28 /* User.swift */,
				09D0E42026A2D28E00C71C28 /* UserView.swift */,
				09D0E42326A2FCBA00C71C28 /* MainView.swift */,
				09D0E42626A2FCC900C71C28 /* SecondView.swift */,
				09D0E42A26A3084D00C71C28 /* NumbersView.swift */,
				09D0E42D26A3555700C71C28 /* TapcountView.swift */,
				09D0E43126A3595B00C71C28 /* HumanView.swift */,
			);
			path = "Day 36";
			sourceTree = "<group>";
		};
/* End PBXGroup section */

/* Begin PBXNativeTarget section */
		09D0E40726A2CF9E00C71C28 /* iExpense 2 */ = {
			isa = PBXNativeTarget;
			buildConfigurationList = 09D0E41726A2CFA100C71C28 /* Build configuration list for PBXNativeTarget "iExpense 2" */;
			buildPhases = (
				09D0E40426A2CF9E00C71C28 /* Sources */,
				09D0E40526A2CF9E00C71C28 /* Frameworks */,
				09D0E40626A2CF9E00C71C28 /* Resources */,
			);
			buildRules = (
			);
			dependencies = (
			);
			name = "iExpense 2";
			productName = "iExpense 2";
			productReference = 09D0E40826A2CF9E00C71C28 /* iExpense 2.app */;
			productType = "com.apple.product-type.application";
		};
/* End PBXNativeTarget section */

/* Begin PBXProject section */
		09D0E40026A2CF9E00C71C28 /* Project object */ = {
			isa = PBXProject;
			attributes = {
				LastSwiftUpdateCheck = 1240;
				LastUpgradeCheck = 1240;
				TargetAttributes = {
					09D0E40726A2CF9E00C71C28 = {
						CreatedOnToolsVersion = 12.4;
					};
				};
			};
			buildConfigurationList = 09D0E40326A2CF9E00C71C28 /* Build configuration list for PBXProject "iExpense 2" */;
			compatibilityVersion = "Xcode 9.3";
			developmentRegion = en;
			hasScannedForEncodings = 0;
			knownRegions = (
				en,
				Base,
			);
			mainGroup = 09D0E3FF26A2CF9E00C71C28;
			productRefGroup = 09D0E40926A2CF9E00C71C28 /* Products */;
			projectDirPath = "";
			projectRoot = "";
			targets = (
				09D0E40726A2CF9E00C71C28 /* iExpense 2 */,
			);
		};
/* End PBXProject section */

/* Begin PBXResourcesBuildPhase section */
		09D0E40626A2CF9E00C71C28 /* Resources */ = {
			isa = PBXResourcesBuildPhase;
			buildActionMask = 2147483647;
			files = (
				09D0E41326A2CFA100C71C28 /* Preview Assets.xcassets in Resources */,
				09D0E41026A2CFA100C71C28 /* Assets.xcassets in Resources */,
			);
			runOnlyForDeploymentPostprocessing = 0;
		};
/* End PBXResourcesBuildPhase section */

/* Begin PBXSourcesBuildPhase section */
		09D0E40426A2CF9E00C71C28 /* Sources */ = {
			isa = PBXSourcesBuildPhase;
			buildActionMask = 2147483647;
			files = (
				09D0E42726A2FCC900C71C28 /* SecondView.swift in Sources */,
				09D0E40E26A2CF9E00C71C28 /* ContentView.swift in Sources */,
				09D0E40C26A2CF9E00C71C28 /* iExpense_2App.swift in Sources */,
				09D0E43226A3595B00C71C28 /* HumanView.swift in Sources */,
				09D0E41D26A2D24A00C71C28 /* User.swift in Sources */,
				09D0E42B26A3084D00C71C28 /* NumbersView.swift in Sources */,
				09D0E42426A2FCBA00C71C28 /* MainView.swift in Sources */,
				09D0E43526A42FC600C71C28 /* ExpenseItem.swift in Sources */,
				09D0E43826A4301700C71C28 /* Expenses.swift in Sources */,
				09D0E42E26A3555700C71C28 /* TapcountView.swift in Sources */,
				09D0E42126A2D28E00C71C28 /* UserView.swift in Sources */,
			);
			runOnlyForDeploymentPostprocessing = 0;
		};
/* End PBXSourcesBuildPhase section */

/* Begin XCBuildConfiguration section */
		09D0E41526A2CFA100C71C28 /* Debug */ = {
			isa = XCBuildConfiguration;
			buildSettings = {
				ALWAYS_SEARCH_USER_PATHS = NO;
				CLANG_ANALYZER_NONNULL = YES;
				CLANG_ANALYZER_NUMBER_OBJECT_CONVERSION = YES_AGGRESSIVE;
				CLANG_CXX_LANGUAGE_STANDARD = "gnu++14";
				CLANG_CXX_LIBRARY = "libc++";
				CLANG_ENABLE_MODULES = YES;
				CLANG_ENABLE_OBJC_ARC = YES;
				CLANG_ENABLE_OBJC_WEAK = YES;
				CLANG_WARN_BLOCK_CAPTURE_AUTORELEASING = YES;
				CLANG_WARN_BOOL_CONVERSION = YES;
				CLANG_WARN_COMMA = YES;
				CLANG_WARN_CONSTANT_CONVERSION = YES;
				CLANG_WARN_DEPRECATED_OBJC_IMPLEMENTATIONS = YES;
				CLANG_WARN_DIRECT_OBJC_ISA_USAGE = YES_ERROR;
				CLANG_WARN_DOCUMENTATION_COMMENTS = YES;
				CLANG_WARN_EMPTY_BODY = YES;
				CLANG_WARN_ENUM_CONVERSION = YES;
				CLANG_WARN_INFINITE_RECURSION = YES;
				CLANG_WARN_INT_CONVERSION = YES;
				CLANG_WARN_NON_LITERAL_NULL_CONVERSION = YES;
				CLANG_WARN_OBJC_IMPLICIT_RETAIN_SELF = YES;
				CLANG_WARN_OBJC_LITERAL_CONVERSION = YES;
				CLANG_WARN_OBJC_ROOT_CLASS = YES_ERROR;
				CLANG_WARN_QUOTED_INCLUDE_IN_FRAMEWORK_HEADER = YES;
				CLANG_WARN_RANGE_LOOP_ANALYSIS = YES;
				CLANG_WARN_STRICT_PROTOTYPES = YES;
				CLANG_WARN_SUSPICIOUS_MOVE = YES;
				CLANG_WARN_UNGUARDED_AVAILABILITY = YES_AGGRESSIVE;
				CLANG_WARN_UNREACHABLE_CODE = YES;
				CLANG_WARN__DUPLICATE_METHOD_MATCH = YES;
				COPY_PHASE_STRIP = NO;
				DEBUG_INFORMATION_FORMAT = dwarf;
				ENABLE_STRICT_OBJC_MSGSEND = YES;
				ENABLE_TESTABILITY = YES;
				GCC_C_LANGUAGE_STANDARD = gnu11;
				GCC_DYNAMIC_NO_PIC = NO;
				GCC_NO_COMMON_BLOCKS = YES;
				GCC_OPTIMIZATION_LEVEL = 0;
				GCC_PREPROCESSOR_DEFINITIONS = (
					"DEBUG=1",
					"$(inherited)",
				);
				GCC_WARN_64_TO_32_BIT_CONVERSION = YES;
				GCC_WARN_ABOUT_RETURN_TYPE = YES_ERROR;
				GCC_WARN_UNDECLARED_SELECTOR = YES;
				GCC_WARN_UNINITIALIZED_AUTOS = YES_AGGRESSIVE;
				GCC_WARN_UNUSED_FUNCTION = YES;
				GCC_WARN_UNUSED_VARIABLE = YES;
				IPHONEOS_DEPLOYMENT_TARGET = 14.4;
				MTL_ENABLE_DEBUG_INFO = INCLUDE_SOURCE;
				MTL_FAST_MATH = YES;
				ONLY_ACTIVE_ARCH = YES;
				SDKROOT = iphoneos;
				SWIFT_ACTIVE_COMPILATION_CONDITIONS = DEBUG;
				SWIFT_OPTIMIZATION_LEVEL = "-Onone";
			};
			name = Debug;
		};
		09D0E41626A2CFA100C71C28 /* Release */ = {
			isa = XCBuildConfiguration;
			buildSettings = {
				ALWAYS_SEARCH_USER_PATHS = NO;
				CLANG_ANALYZER_NONNULL = YES;
				CLANG_ANALYZER_NUMBER_OBJECT_CONVERSION = YES_AGGRESSIVE;
				CLANG_CXX_LANGUAGE_STANDARD = "gnu++14";
				CLANG_CXX_LIBRARY = "libc++";
				CLANG_ENABLE_MODULES = YES;
				CLANG_ENABLE_OBJC_ARC = YES;
				CLANG_ENABLE_OBJC_WEAK = YES;
				CLANG_WARN_BLOCK_CAPTURE_AUTORELEASING = YES;
				CLANG_WARN_BOOL_CONVERSION = YES;
				CLANG_WARN_COMMA = YES;
				CLANG_WARN_CONSTANT_CONVERSION = YES;
				CLANG_WARN_DEPRECATED_OBJC_IMPLEMENTATIONS = YES;
				CLANG_WARN_DIRECT_OBJC_ISA_USAGE = YES_ERROR;
				CLANG_WARN_DOCUMENTATION_COMMENTS = YES;
				CLANG_WARN_EMPTY_BODY = YES;
				CLANG_WARN_ENUM_CONVERSION = YES;
				CLANG_WARN_INFINITE_RECURSION = YES;
				CLANG_WARN_INT_CONVERSION = YES;
				CLANG_WARN_NON_LITERAL_NULL_CONVERSION = YES;
				CLANG_WARN_OBJC_IMPLICIT_RETAIN_SELF = YES;
				CLANG_WARN_OBJC_LITERAL_CONVERSION = YES;
				CLANG_WARN_OBJC_ROOT_CLASS = YES_ERROR;
				CLANG_WARN_QUOTED_INCLUDE_IN_FRAMEWORK_HEADER = YES;
				CLANG_WARN_RANGE_LOOP_ANALYSIS = YES;
				CLANG_WARN_STRICT_PROTOTYPES = YES;
				CLANG_WARN_SUSPICIOUS_MOVE = YES;
				CLANG_WARN_UNGUARDED_AVAILABILITY = YES_AGGRESSIVE;
				CLANG_WARN_UNREACHABLE_CODE = YES;
				CLANG_WARN__DUPLICATE_METHOD_MATCH = YES;
				COPY_PHASE_STRIP = NO;
				DEBUG_INFORMATION_FORMAT = "dwarf-with-dsym";
				ENABLE_NS_ASSERTIONS = NO;
				ENABLE_STRICT_OBJC_MSGSEND = YES;
				GCC_C_LANGUAGE_STANDARD = gnu11;
				GCC_NO_COMMON_BLOCKS = YES;
				GCC_WARN_64_TO_32_BIT_CONVERSION = YES;
				GCC_WARN_ABOUT_RETURN_TYPE = YES_ERROR;
				GCC_WARN_UNDECLARED_SELECTOR = YES;
				GCC_WARN_UNINITIALIZED_AUTOS = YES_AGGRESSIVE;
				GCC_WARN_UNUSED_FUNCTION = YES;
				GCC_WARN_UNUSED_VARIABLE = YES;
				IPHONEOS_DEPLOYMENT_TARGET = 14.4;
				MTL_ENABLE_DEBUG_INFO = NO;
				MTL_FAST_MATH = YES;
				SDKROOT = iphoneos;
				SWIFT_COMPILATION_MODE = wholemodule;
				SWIFT_OPTIMIZATION_LEVEL = "-O";
				VALIDATE_PRODUCT = YES;
			};
			name = Release;
		};
		09D0E41826A2CFA100C71C28 /* Debug */ = {
			isa = XCBuildConfiguration;
			buildSettings = {
				ASSETCATALOG_COMPILER_APPICON_NAME = AppIcon;
				ASSETCATALOG_COMPILER_GLOBAL_ACCENT_COLOR_NAME = AccentColor;
				CODE_SIGN_STYLE = Automatic;
				DEVELOPMENT_ASSET_PATHS = "\"iExpense 2/Preview Content\"";
				DEVELOPMENT_TEAM = PKTBX2CYQK;
				ENABLE_PREVIEWS = YES;
				INFOPLIST_FILE = "iExpense 2/Info.plist";
				IPHONEOS_DEPLOYMENT_TARGET = 14.0;
				LD_RUNPATH_SEARCH_PATHS = (
					"$(inherited)",
					"@executable_path/Frameworks",
				);
				PRODUCT_BUNDLE_IDENTIFIER = "com.nicefiction.iExpense-2";
				PRODUCT_NAME = "$(TARGET_NAME)";
				SWIFT_VERSION = 5.0;
				TARGETED_DEVICE_FAMILY = "1,2";
			};
			name = Debug;
		};
		09D0E41926A2CFA100C71C28 /* Release */ = {
			isa = XCBuildConfiguration;
			buildSettings = {
				ASSETCATALOG_COMPILER_APPICON_NAME = AppIcon;
				ASSETCATALOG_COMPILER_GLOBAL_ACCENT_COLOR_NAME = AccentColor;
				CODE_SIGN_STYLE = Automatic;
				DEVELOPMENT_ASSET_PATHS = "\"iExpense 2/Preview Content\"";
				DEVELOPMENT_TEAM = PKTBX2CYQK;
				ENABLE_PREVIEWS = YES;
				INFOPLIST_FILE = "iExpense 2/Info.plist";
				IPHONEOS_DEPLOYMENT_TARGET = 14.0;
				LD_RUNPATH_SEARCH_PATHS = (
					"$(inherited)",
					"@executable_path/Frameworks",
				);
				PRODUCT_BUNDLE_IDENTIFIER = "com.nicefiction.iExpense-2";
				PRODUCT_NAME = "$(TARGET_NAME)";
				SWIFT_VERSION = 5.0;
				TARGETED_DEVICE_FAMILY = "1,2";
			};
			name = Release;
		};
/* End XCBuildConfiguration section */

/* Begin XCConfigurationList section */
		09D0E40326A2CF9E00C71C28 /* Build configuration list for PBXProject "iExpense 2" */ = {
			isa = XCConfigurationList;
			buildConfigurations = (
				09D0E41526A2CFA100C71C28 /* Debug */,
				09D0E41626A2CFA100C71C28 /* Release */,
			);
			defaultConfigurationIsVisible = 0;
			defaultConfigurationName = Release;
		};
		09D0E41726A2CFA100C71C28 /* Build configuration list for PBXNativeTarget "iExpense 2" */ = {
			isa = XCConfigurationList;
			buildConfigurations = (
				09D0E41826A2CFA100C71C28 /* Debug */,
				09D0E41926A2CFA100C71C28 /* Release */,
			);
			defaultConfigurationIsVisible = 0;
			defaultConfigurationName = Release;
		};
/* End XCConfigurationList section */
	};
	rootObject = 09D0E40026A2CF9E00C71C28 /* Project object */;
}
